
Microsoft Visual Studio Solution File, Format Version 12.00
# Visual Studio Version 16
VisualStudioVersion = 16.0.31019.35
MinimumVisualStudioVersion = 10.0.40219.1
Project("{FAE04EC0-301F-11D3-BF4B-00C04F79EFBC}") = "Project_1-Coders", "Project_1-Coders\Project_1-Coders.csproj", "{110651D4-1916-4025-8A13-FBC2C5EF264F}"
EndProject
Global
	GlobalSection(SolutionConfigurationPlatforms) = preSolution
		Debug|Any CPU = Debug|Any CPU
		Release|Any CPU = Release|Any CPU
	EndGlobalSection
	GlobalSection(ProjectConfigurationPlatforms) = postSolution
		{110651D4-1916-4025-8A13-FBC2C5EF264F}.Debug|Any CPU.ActiveCfg = Debug|Any CPU
		{110651D4-1916-4025-8A13-FBC2C5EF264F}.Debug|Any CPU.Build.0 = Debug|Any CPU
		{110651D4-1916-4025-8A13-FBC2C5EF264F}.Release|Any CPU.ActiveCfg = Release|Any CPU
		{110651D4-1916-4025-8A13-FBC2C5EF264F}.Release|Any CPU.Build.0 = Release|Any CPU
	EndGlobalSection
	GlobalSection(SolutionProperties) = preSolution
		HideSolutionNode = FALSE
	EndGlobalSection
	GlobalSection(ExtensibilityGlobals) = postSolution
		SolutionGuid = {2B9C6A23-4FF5-431F-96C2-F77B2DC491AB}
	EndGlobalSection
EndGlobal
